
Microsoft Visual Studio Solution File, Format Version 12.00
# Visual Studio 14
VisualStudioVersion = 14.0.25420.1
MinimumVisualStudioVersion = 10.0.40219.1
Project("{8BC9CEB8-8B4A-11D0-8D11-00A0C91BC942}") = "MidtemProject", "MidtemProject\MidtemProject.vcxproj", "{E39737F2-4266-4624-9D9E-28366CF6EEE7}"
EndProject
Project("{8BC9CEB8-8B4A-11D0-8D11-00A0C91BC942}") = "HW1", "HW1\HW1.vcxproj", "{15BADB3A-C73E-44A8-83EB-EE93094C972C}"
EndProject
Project("{8BC9CEB8-8B4A-11D0-8D11-00A0C91BC942}") = "HW2", "HW2\HW2.vcxproj", "{5F779AD9-1F4F-489C-B92A-3A37EECE82EB}"
EndProject
Global
	GlobalSection(SolutionConfigurationPlatforms) = preSolution
		Debug|x64 = Debug|x64
		Debug|x86 = Debug|x86
		Release|x64 = Release|x64
		Release|x86 = Release|x86
	EndGlobalSection
	GlobalSection(ProjectConfigurationPlatforms) = postSolution
		{E39737F2-4266-4624-9D9E-28366CF6EEE7}.Debug|x64.ActiveCfg = Debug|x64
		{E39737F2-4266-4624-9D9E-28366CF6EEE7}.Debug|x64.Build.0 = Debug|x64
		{E39737F2-4266-4624-9D9E-28366CF6EEE7}.Debug|x86.ActiveCfg = Debug|Win32
		{E39737F2-4266-4624-9D9E-28366CF6EEE7}.Debug|x86.Build.0 = Debug|Win32
		{E39737F2-4266-4624-9D9E-28366CF6EEE7}.Release|x64.ActiveCfg = Release|x64
		{E39737F2-4266-4624-9D9E-28366CF6EEE7}.Release|x64.Build.0 = Release|x64
		{E39737F2-4266-4624-9D9E-28366CF6EEE7}.Release|x86.ActiveCfg = Release|Win32
		{E39737F2-4266-4624-9D9E-28366CF6EEE7}.Release|x86.Build.0 = Release|Win32
		{15BADB3A-C73E-44A8-83EB-EE93094C972C}.Debug|x64.ActiveCfg = Debug|x64
		{15BADB3A-C73E-44A8-83EB-EE93094C972C}.Debug|x64.Build.0 = Debug|x64
		{15BADB3A-C73E-44A8-83EB-EE93094C972C}.Debug|x86.ActiveCfg = Debug|Win32
		{15BADB3A-C73E-44A8-83EB-EE93094C972C}.Debug|x86.Build.0 = Debug|Win32
		{15BADB3A-C73E-44A8-83EB-EE93094C972C}.Release|x64.ActiveCfg = Release|x64
		{15BADB3A-C73E-44A8-83EB-EE93094C972C}.Release|x64.Build.0 = Release|x64
		{15BADB3A-C73E-44A8-83EB-EE93094C972C}.Release|x86.ActiveCfg = Release|Win32
		{15BADB3A-C73E-44A8-83EB-EE93094C972C}.Release|x86.Build.0 = Release|Win32
		{5F779AD9-1F4F-489C-B92A-3A37EECE82EB}.Debug|x64.ActiveCfg = Debug|x64
		{5F779AD9-1F4F-489C-B92A-3A37EECE82EB}.Debug|x64.Build.0 = Debug|x64
		{5F779AD9-1F4F-489C-B92A-3A37EECE82EB}.Debug|x86.ActiveCfg = Debug|Win32
		{5F779AD9-1F4F-489C-B92A-3A37EECE82EB}.Debug|x86.Build.0 = Debug|Win32
		{5F779AD9-1F4F-489C-B92A-3A37EECE82EB}.Release|x64.ActiveCfg = Release|x64
		{5F779AD9-1F4F-489C-B92A-3A37EECE82EB}.Release|x64.Build.0 = Release|x64
		{5F779AD9-1F4F-489C-B92A-3A37EECE82EB}.Release|x86.ActiveCfg = Release|Win32
		{5F779AD9-1F4F-489C-B92A-3A37EECE82EB}.Release|x86.Build.0 = Release|Win32
	EndGlobalSection
	GlobalSection(SolutionProperties) = preSolution
		HideSolutionNode = FALSE
	EndGlobalSection
EndGlobal
